{
  "requires": true,
  "lockfileVersion": 1,
  "dependencies": {
    "tanvanmanh-frame-print": {
      "version": "1.0.0",
      "resolved": "https://registry.npmjs.org/tanvanmanh-frame-print/-/tanvanmanh-frame-print-1.0.0.tgz",
      "integrity": "sha512-jDn/qRKTCuH5AVHvaMyY4qj7pl+CoF6O+zyD8Prjnroc78uL3xnrB7AZxx2RB+3Gynl9EoLer60VhVfEvUyWYw=="
    }
  }
}
